
Microsoft Visual Studio Solution File, Format Version 12.00
# Visual Studio Version 17
VisualStudioVersion = 17.9.34902.65
MinimumVisualStudioVersion = 10.0.40219.1
Project("{FAE04EC0-301F-11D3-BF4B-00C04F79EFBC}") = "01.NumbersEndingIn7", "01.NumbersEndingIn7\01.NumbersEndingIn7.csproj", "{BD89900B-FFF9-48C4-AB7F-C411AEA68652}"
EndProject
Project("{FAE04EC0-301F-11D3-BF4B-00C04F79EFBC}") = "02.HalfSumElement", "02.HalfSumElement\02.HalfSumElement.csproj", "{3569B208-070E-40FF-B54D-8C147F068006}"
EndProject
Project("{FAE04EC0-301F-11D3-BF4B-00C04F79EFBC}") = "03.Histogram", "03.Histogram\03.Histogram.csproj", "{CF6B84E5-CA31-49CF-8632-50958FFFBA36}"
EndProject
Project("{FAE04EC0-301F-11D3-BF4B-00C04F79EFBC}") = "04.CleverLily", "04.CleverLily\04.CleverLily.csproj", "{D246B670-3B93-40CB-861A-4188C2CBA37E}"
EndProject
Project("{FAE04EC0-301F-11D3-BF4B-00C04F79EFBC}") = "05.Salary", "05.Salary\05.Salary.csproj", "{1E56E4CE-F1A9-44D4-96EA-1D1981D6B9D4}"
EndProject
Project("{FAE04EC0-301F-11D3-BF4B-00C04F79EFBC}") = "06.Oscars", "06.Oscars\06.Oscars.csproj", "{070B3E0C-2B98-4AB1-931D-FD2033FCA230}"
EndProject
Project("{FAE04EC0-301F-11D3-BF4B-00C04F79EFBC}") = "07.TrekkingMania", "07.TrekkingMania\07.TrekkingMania.csproj", "{372BB5A7-9A1F-47FF-BF65-88FA898DAB3E}"
EndProject
Project("{FAE04EC0-301F-11D3-BF4B-00C04F79EFBC}") = "08.TennisRanklist", "08.TennisRanklist\08.TennisRanklist.csproj", "{0F5DD777-B999-482D-8E2C-889DEA79A9C7}"
EndProject
Global
	GlobalSection(SolutionConfigurationPlatforms) = preSolution
		Debug|Any CPU = Debug|Any CPU
		Release|Any CPU = Release|Any CPU
	EndGlobalSection
	GlobalSection(ProjectConfigurationPlatforms) = postSolution
		{BD89900B-FFF9-48C4-AB7F-C411AEA68652}.Debug|Any CPU.ActiveCfg = Debug|Any CPU
		{BD89900B-FFF9-48C4-AB7F-C411AEA68652}.Debug|Any CPU.Build.0 = Debug|Any CPU
		{BD89900B-FFF9-48C4-AB7F-C411AEA68652}.Release|Any CPU.ActiveCfg = Release|Any CPU
		{BD89900B-FFF9-48C4-AB7F-C411AEA68652}.Release|Any CPU.Build.0 = Release|Any CPU
		{3569B208-070E-40FF-B54D-8C147F068006}.Debug|Any CPU.ActiveCfg = Debug|Any CPU
		{3569B208-070E-40FF-B54D-8C147F068006}.Debug|Any CPU.Build.0 = Debug|Any CPU
		{3569B208-070E-40FF-B54D-8C147F068006}.Release|Any CPU.ActiveCfg = Release|Any CPU
		{3569B208-070E-40FF-B54D-8C147F068006}.Release|Any CPU.Build.0 = Release|Any CPU
		{CF6B84E5-CA31-49CF-8632-50958FFFBA36}.Debug|Any CPU.ActiveCfg = Debug|Any CPU
		{CF6B84E5-CA31-49CF-8632-50958FFFBA36}.Debug|Any CPU.Build.0 = Debug|Any CPU
		{CF6B84E5-CA31-49CF-8632-50958FFFBA36}.Release|Any CPU.ActiveCfg = Release|Any CPU
		{CF6B84E5-CA31-49CF-8632-50958FFFBA36}.Release|Any CPU.Build.0 = Release|Any CPU
		{D246B670-3B93-40CB-861A-4188C2CBA37E}.Debug|Any CPU.ActiveCfg = Debug|Any CPU
		{D246B670-3B93-40CB-861A-4188C2CBA37E}.Debug|Any CPU.Build.0 = Debug|Any CPU
		{D246B670-3B93-40CB-861A-4188C2CBA37E}.Release|Any CPU.ActiveCfg = Release|Any CPU
		{D246B670-3B93-40CB-861A-4188C2CBA37E}.Release|Any CPU.Build.0 = Release|Any CPU
		{1E56E4CE-F1A9-44D4-96EA-1D1981D6B9D4}.Debug|Any CPU.ActiveCfg = Debug|Any CPU
		{1E56E4CE-F1A9-44D4-96EA-1D1981D6B9D4}.Debug|Any CPU.Build.0 = Debug|Any CPU
		{1E56E4CE-F1A9-44D4-96EA-1D1981D6B9D4}.Release|Any CPU.ActiveCfg = Release|Any CPU
		{1E56E4CE-F1A9-44D4-96EA-1D1981D6B9D4}.Release|Any CPU.Build.0 = Release|Any CPU
		{070B3E0C-2B98-4AB1-931D-FD2033FCA230}.Debug|Any CPU.ActiveCfg = Debug|Any CPU
		{070B3E0C-2B98-4AB1-931D-FD2033FCA230}.Debug|Any CPU.Build.0 = Debug|Any CPU
		{070B3E0C-2B98-4AB1-931D-FD2033FCA230}.Release|Any CPU.ActiveCfg = Release|Any CPU
		{070B3E0C-2B98-4AB1-931D-FD2033FCA230}.Release|Any CPU.Build.0 = Release|Any CPU
		{372BB5A7-9A1F-47FF-BF65-88FA898DAB3E}.Debug|Any CPU.ActiveCfg = Debug|Any CPU
		{372BB5A7-9A1F-47FF-BF65-88FA898DAB3E}.Debug|Any CPU.Build.0 = Debug|Any CPU
		{372BB5A7-9A1F-47FF-BF65-88FA898DAB3E}.Release|Any CPU.ActiveCfg = Release|Any CPU
		{372BB5A7-9A1F-47FF-BF65-88FA898DAB3E}.Release|Any CPU.Build.0 = Release|Any CPU
		{0F5DD777-B999-482D-8E2C-889DEA79A9C7}.Debug|Any CPU.ActiveCfg = Debug|Any CPU
		{0F5DD777-B999-482D-8E2C-889DEA79A9C7}.Debug|Any CPU.Build.0 = Debug|Any CPU
		{0F5DD777-B999-482D-8E2C-889DEA79A9C7}.Release|Any CPU.ActiveCfg = Release|Any CPU
		{0F5DD777-B999-482D-8E2C-889DEA79A9C7}.Release|Any CPU.Build.0 = Release|Any CPU
	EndGlobalSection
	GlobalSection(SolutionProperties) = preSolution
		HideSolutionNode = FALSE
	EndGlobalSection
	GlobalSection(ExtensibilityGlobals) = postSolution
		SolutionGuid = {0696238C-2E58-4E30-A381-FCBE14C3C149}
	EndGlobalSection
EndGlobal
