
Microsoft Visual Studio Solution File, Format Version 12.00
# Visual Studio Version 17
VisualStudioVersion = 17.9.34902.65
MinimumVisualStudioVersion = 10.0.40219.1
Project("{FAE04EC0-301F-11D3-BF4B-00C04F79EFBC}") = "01.Cinema", "01.Cinema\01.Cinema.csproj", "{ACC55496-FF9C-48A1-B09C-FAA2FE64874C}"
EndProject
Project("{FAE04EC0-301F-11D3-BF4B-00C04F79EFBC}") = "02.SummerOutfit", "02.SummerOutfit\02.SummerOutfit.csproj", "{92C3DA65-0959-4134-ADB0-10164FB4B574}"
EndProject
Project("{FAE04EC0-301F-11D3-BF4B-00C04F79EFBC}") = "03.NewHouse", "03.NewHouse\03.NewHouse.csproj", "{13E7CDEE-C85E-4A4A-86D2-4CC57CB8F73F}"
EndProject
Project("{FAE04EC0-301F-11D3-BF4B-00C04F79EFBC}") = "04.FishingBoat", "04.FishingBoat\04.FishingBoat.csproj", "{EB764F3A-79A7-493A-AC11-1E60293ABA58}"
EndProject
Project("{FAE04EC0-301F-11D3-BF4B-00C04F79EFBC}") = "05.Journey", "05.Journey\05.Journey.csproj", "{ED699EE9-9465-4BB0-90B1-60B5079070B0}"
EndProject
Project("{FAE04EC0-301F-11D3-BF4B-00C04F79EFBC}") = "06.OperationsBetweenNumbers", "06.OperationsBetweenNumbers\06.OperationsBetweenNumbers.csproj", "{422748F3-9856-4D90-B3B6-AF2DD0E36FBC}"
EndProject
Project("{FAE04EC0-301F-11D3-BF4B-00C04F79EFBC}") = "07.HotelRoom", "07.HotelRoom\07.HotelRoom.csproj", "{0F7B9C4A-57CA-4276-A151-A589673AC59A}"
EndProject
Project("{FAE04EC0-301F-11D3-BF4B-00C04F79EFBC}") = "08.OnTimeForTheExam", "08.OnTimeForTheExam\08.OnTimeForTheExam.csproj", "{288E61A9-9798-4148-81AA-EF0AFF91D12E}"
EndProject
Project("{FAE04EC0-301F-11D3-BF4B-00C04F79EFBC}") = "09.SkiTrip", "09.SkiTrip\09.SkiTrip.csproj", "{01119E6D-5F49-4997-8EE7-FEE77DC08EB7}"
EndProject
Global
	GlobalSection(SolutionConfigurationPlatforms) = preSolution
		Debug|Any CPU = Debug|Any CPU
		Release|Any CPU = Release|Any CPU
	EndGlobalSection
	GlobalSection(ProjectConfigurationPlatforms) = postSolution
		{ACC55496-FF9C-48A1-B09C-FAA2FE64874C}.Debug|Any CPU.ActiveCfg = Debug|Any CPU
		{ACC55496-FF9C-48A1-B09C-FAA2FE64874C}.Debug|Any CPU.Build.0 = Debug|Any CPU
		{ACC55496-FF9C-48A1-B09C-FAA2FE64874C}.Release|Any CPU.ActiveCfg = Release|Any CPU
		{ACC55496-FF9C-48A1-B09C-FAA2FE64874C}.Release|Any CPU.Build.0 = Release|Any CPU
		{92C3DA65-0959-4134-ADB0-10164FB4B574}.Debug|Any CPU.ActiveCfg = Debug|Any CPU
		{92C3DA65-0959-4134-ADB0-10164FB4B574}.Debug|Any CPU.Build.0 = Debug|Any CPU
		{92C3DA65-0959-4134-ADB0-10164FB4B574}.Release|Any CPU.ActiveCfg = Release|Any CPU
		{92C3DA65-0959-4134-ADB0-10164FB4B574}.Release|Any CPU.Build.0 = Release|Any CPU
		{13E7CDEE-C85E-4A4A-86D2-4CC57CB8F73F}.Debug|Any CPU.ActiveCfg = Debug|Any CPU
		{13E7CDEE-C85E-4A4A-86D2-4CC57CB8F73F}.Debug|Any CPU.Build.0 = Debug|Any CPU
		{13E7CDEE-C85E-4A4A-86D2-4CC57CB8F73F}.Release|Any CPU.ActiveCfg = Release|Any CPU
		{13E7CDEE-C85E-4A4A-86D2-4CC57CB8F73F}.Release|Any CPU.Build.0 = Release|Any CPU
		{EB764F3A-79A7-493A-AC11-1E60293ABA58}.Debug|Any CPU.ActiveCfg = Debug|Any CPU
		{EB764F3A-79A7-493A-AC11-1E60293ABA58}.Debug|Any CPU.Build.0 = Debug|Any CPU
		{EB764F3A-79A7-493A-AC11-1E60293ABA58}.Release|Any CPU.ActiveCfg = Release|Any CPU
		{EB764F3A-79A7-493A-AC11-1E60293ABA58}.Release|Any CPU.Build.0 = Release|Any CPU
		{ED699EE9-9465-4BB0-90B1-60B5079070B0}.Debug|Any CPU.ActiveCfg = Debug|Any CPU
		{ED699EE9-9465-4BB0-90B1-60B5079070B0}.Debug|Any CPU.Build.0 = Debug|Any CPU
		{ED699EE9-9465-4BB0-90B1-60B5079070B0}.Release|Any CPU.ActiveCfg = Release|Any CPU
		{ED699EE9-9465-4BB0-90B1-60B5079070B0}.Release|Any CPU.Build.0 = Release|Any CPU
		{422748F3-9856-4D90-B3B6-AF2DD0E36FBC}.Debug|Any CPU.ActiveCfg = Debug|Any CPU
		{422748F3-9856-4D90-B3B6-AF2DD0E36FBC}.Debug|Any CPU.Build.0 = Debug|Any CPU
		{422748F3-9856-4D90-B3B6-AF2DD0E36FBC}.Release|Any CPU.ActiveCfg = Release|Any CPU
		{422748F3-9856-4D90-B3B6-AF2DD0E36FBC}.Release|Any CPU.Build.0 = Release|Any CPU
		{0F7B9C4A-57CA-4276-A151-A589673AC59A}.Debug|Any CPU.ActiveCfg = Debug|Any CPU
		{0F7B9C4A-57CA-4276-A151-A589673AC59A}.Debug|Any CPU.Build.0 = Debug|Any CPU
		{0F7B9C4A-57CA-4276-A151-A589673AC59A}.Release|Any CPU.ActiveCfg = Release|Any CPU
		{0F7B9C4A-57CA-4276-A151-A589673AC59A}.Release|Any CPU.Build.0 = Release|Any CPU
		{288E61A9-9798-4148-81AA-EF0AFF91D12E}.Debug|Any CPU.ActiveCfg = Debug|Any CPU
		{288E61A9-9798-4148-81AA-EF0AFF91D12E}.Debug|Any CPU.Build.0 = Debug|Any CPU
		{288E61A9-9798-4148-81AA-EF0AFF91D12E}.Release|Any CPU.ActiveCfg = Release|Any CPU
		{288E61A9-9798-4148-81AA-EF0AFF91D12E}.Release|Any CPU.Build.0 = Release|Any CPU
		{01119E6D-5F49-4997-8EE7-FEE77DC08EB7}.Debug|Any CPU.ActiveCfg = Debug|Any CPU
		{01119E6D-5F49-4997-8EE7-FEE77DC08EB7}.Debug|Any CPU.Build.0 = Debug|Any CPU
		{01119E6D-5F49-4997-8EE7-FEE77DC08EB7}.Release|Any CPU.ActiveCfg = Release|Any CPU
		{01119E6D-5F49-4997-8EE7-FEE77DC08EB7}.Release|Any CPU.Build.0 = Release|Any CPU
	EndGlobalSection
	GlobalSection(SolutionProperties) = preSolution
		HideSolutionNode = FALSE
	EndGlobalSection
	GlobalSection(ExtensibilityGlobals) = postSolution
		SolutionGuid = {7D479236-6075-431E-AD31-4D0FFDA97B6A}
	EndGlobalSection
EndGlobal
